
Microsoft Visual Studio Solution File, Format Version 12.00
# Visual Studio Version 17
VisualStudioVersion = 17.5.001.0
MinimumVisualStudioVersion = 10.0.40219.1
Project("{9A19103F-16F7-4668-BE54-9A1E7A4F7556}") = "BlazingPizza", "BlazingPizza.csproj", "{7D705567-DAD4-4DA6-BC9F-4E1503920DFF}"
EndProject
Global
	GlobalSection(SolutionConfigurationPlatforms) = preSolution
		Debug|Any CPU = Debug|Any CPU
		Release|Any CPU = Release|Any CPU
	EndGlobalSection
	GlobalSection(ProjectConfigurationPlatforms) = postSolution
		{7D705567-DAD4-4DA6-BC9F-4E1503920DFF}.Debug|Any CPU.ActiveCfg = Debug|Any CPU
		{7D705567-DAD4-4DA6-BC9F-4E1503920DFF}.Debug|Any CPU.Build.0 = Debug|Any CPU
		{7D705567-DAD4-4DA6-BC9F-4E1503920DFF}.Release|Any CPU.ActiveCfg = Release|Any CPU
		{7D705567-DAD4-4DA6-BC9F-4E1503920DFF}.Release|Any CPU.Build.0 = Release|Any CPU
	EndGlobalSection
	GlobalSection(SolutionProperties) = preSolution
		HideSolutionNode = FALSE
	EndGlobalSection
	GlobalSection(ExtensibilityGlobals) = postSolution
		SolutionGuid = {D3CFF095-93C4-47B7-BDB1-5998E83A7E12}
	EndGlobalSection
EndGlobal
